
Microsoft Visual Studio Solution File, Format Version 12.00
# Visual Studio Version 17
VisualStudioVersion = 17.3.32922.545
MinimumVisualStudioVersion = 10.0.40219.1
Project("{9A19103F-16F7-4668-BE54-9A1E7A4F7556}") = "UTB.Eshop.Mikeska.Web", "UTB.Eshop.Mikeska.Web\UTB.Eshop.Mikeska.Web.csproj", "{C1956654-7508-4BC7-8921-747CD7582AA8}"
EndProject
Project("{FAE04EC0-301F-11D3-BF4B-00C04F79EFBC}") = "UTB.Eshop.Mikeska.Domain.Abstraction", "UTB.Eshop.Mikeska.Domain.Abstraction\UTB.Eshop.Mikeska.Domain.Abstraction.csproj", "{FBBFECE2-5E92-41BB-84AB-EA8822B477D6}"
EndProject
Project("{FAE04EC0-301F-11D3-BF4B-00C04F79EFBC}") = "UTB.Eshop.Mikeska.Domain.Implementation", "UTB.Eshop.Mikeska.Domain.Implementation\UTB.Eshop.Mikeska.Domain.Implementation.csproj", "{6D9856A0-2695-4C3B-A0F2-49A0808F23C1}"
EndProject
Project("{FAE04EC0-301F-11D3-BF4B-00C04F79EFBC}") = "UTB.Eshop.Mikeska.Tests", "UTB.Eshop.Mikeska.Tests\UTB.Eshop.Mikeska.Tests.csproj", "{75284A85-881B-418E-B322-E33FF629DF67}"
EndProject
Project("{2150E333-8FDC-42A3-9474-1A3956D46DE8}") = "Solution Items", "Solution Items", "{15CCF17E-CF2E-47FD-9205-496DCBE32F00}"
	ProjectSection(SolutionItems) = preProject
		.editorconfig = .editorconfig
	EndProjectSection
EndProject
Global
	GlobalSection(SolutionConfigurationPlatforms) = preSolution
		Debug|Any CPU = Debug|Any CPU
		Release|Any CPU = Release|Any CPU
	EndGlobalSection
	GlobalSection(ProjectConfigurationPlatforms) = postSolution
		{C1956654-7508-4BC7-8921-747CD7582AA8}.Debug|Any CPU.ActiveCfg = Debug|Any CPU
		{C1956654-7508-4BC7-8921-747CD7582AA8}.Debug|Any CPU.Build.0 = Debug|Any CPU
		{C1956654-7508-4BC7-8921-747CD7582AA8}.Release|Any CPU.ActiveCfg = Release|Any CPU
		{C1956654-7508-4BC7-8921-747CD7582AA8}.Release|Any CPU.Build.0 = Release|Any CPU
		{FBBFECE2-5E92-41BB-84AB-EA8822B477D6}.Debug|Any CPU.ActiveCfg = Debug|Any CPU
		{FBBFECE2-5E92-41BB-84AB-EA8822B477D6}.Debug|Any CPU.Build.0 = Debug|Any CPU
		{FBBFECE2-5E92-41BB-84AB-EA8822B477D6}.Release|Any CPU.ActiveCfg = Release|Any CPU
		{FBBFECE2-5E92-41BB-84AB-EA8822B477D6}.Release|Any CPU.Build.0 = Release|Any CPU
		{6D9856A0-2695-4C3B-A0F2-49A0808F23C1}.Debug|Any CPU.ActiveCfg = Debug|Any CPU
		{6D9856A0-2695-4C3B-A0F2-49A0808F23C1}.Debug|Any CPU.Build.0 = Debug|Any CPU
		{6D9856A0-2695-4C3B-A0F2-49A0808F23C1}.Release|Any CPU.ActiveCfg = Release|Any CPU
		{6D9856A0-2695-4C3B-A0F2-49A0808F23C1}.Release|Any CPU.Build.0 = Release|Any CPU
		{75284A85-881B-418E-B322-E33FF629DF67}.Debug|Any CPU.ActiveCfg = Debug|Any CPU
		{75284A85-881B-418E-B322-E33FF629DF67}.Debug|Any CPU.Build.0 = Debug|Any CPU
		{75284A85-881B-418E-B322-E33FF629DF67}.Release|Any CPU.ActiveCfg = Release|Any CPU
		{75284A85-881B-418E-B322-E33FF629DF67}.Release|Any CPU.Build.0 = Release|Any CPU
	EndGlobalSection
	GlobalSection(SolutionProperties) = preSolution
		HideSolutionNode = FALSE
	EndGlobalSection
	GlobalSection(ExtensibilityGlobals) = postSolution
		SolutionGuid = {EDC334D0-3572-41A1-A6D2-208774488716}
	EndGlobalSection
EndGlobal
